
Microsoft Visual Studio Solution File, Format Version 12.00
# Visual Studio 15
VisualStudioVersion = 15.0.26124.0
MinimumVisualStudioVersion = 15.0.26124.0
Project("{FAE04EC0-301F-11D3-BF4B-00C04F79EFBC}") = "GG-IO.PrestashopUtils", "GG-IO.PrestashopUtils\GG-IO.PrestashopUtils.csproj", "{E0A2C231-6EE4-4738-B85A-095EEA53979D}"
EndProject
Project("{FAE04EC0-301F-11D3-BF4B-00C04F79EFBC}") = "GGIO.PrestashopUtils.Abstraction", "GGIO.PrestashopUtils.Abstraction\GGIO.PrestashopUtils.Abstraction.csproj", "{4568C062-DE8F-4050-A8F3-8A6F068FB7AC}"
EndProject
Project("{FAE04EC0-301F-11D3-BF4B-00C04F79EFBC}") = "GGIO.PrestashopUtils.Logic", "GGIO.PrestashopUtils.Logic\GGIO.PrestashopUtils.Logic.csproj", "{CF45E982-FA90-460C-958A-DC04975C7A39}"
EndProject
Global
	GlobalSection(SolutionConfigurationPlatforms) = preSolution
		Debug|Any CPU = Debug|Any CPU
		Debug|x64 = Debug|x64
		Debug|x86 = Debug|x86
		Release|Any CPU = Release|Any CPU
		Release|x64 = Release|x64
		Release|x86 = Release|x86
	EndGlobalSection
	GlobalSection(SolutionProperties) = preSolution
		HideSolutionNode = FALSE
	EndGlobalSection
	GlobalSection(ProjectConfigurationPlatforms) = postSolution
		{E0A2C231-6EE4-4738-B85A-095EEA53979D}.Debug|Any CPU.ActiveCfg = Debug|Any CPU
		
		{E0A2C231-6EE4-4738-B85A-095EEA53979D}.Debug|Any CPU.Build.0 = Debug|Any CPU
		{E0A2C231-6EE4-4738-B85A-095EEA53979D}.Debug|x64.ActiveCfg = Debug|Any CPU
		{E0A2C231-6EE4-4738-B85A-095EEA53979D}.Debug|x64.Build.0 = Debug|Any CPU
		{E0A2C231-6EE4-4738-B85A-095EEA53979D}.Debug|x86.ActiveCfg = Debug|Any CPU
		{E0A2C231-6EE4-4738-B85A-095EEA53979D}.Debug|x86.Build.0 = Debug|Any CPU
		{E0A2C231-6EE4-4738-B85A-095EEA53979D}.Release|Any CPU.ActiveCfg = Release|Any CPU
		{E0A2C231-6EE4-4738-B85A-095EEA53979D}.Release|Any CPU.Build.0 = Release|Any CPU
		{E0A2C231-6EE4-4738-B85A-095EEA53979D}.Release|x64.ActiveCfg = Release|Any CPU
		{E0A2C231-6EE4-4738-B85A-095EEA53979D}.Release|x64.Build.0 = Release|Any CPU
		{E0A2C231-6EE4-4738-B85A-095EEA53979D}.Release|x86.ActiveCfg = Release|Any CPU
		{E0A2C231-6EE4-4738-B85A-095EEA53979D}.Release|x86.Build.0 = Release|Any CPU
		{4568C062-DE8F-4050-A8F3-8A6F068FB7AC}.Debug|Any CPU.ActiveCfg = Debug|Any CPU
		{4568C062-DE8F-4050-A8F3-8A6F068FB7AC}.Debug|Any CPU.Build.0 = Debug|Any CPU
		{4568C062-DE8F-4050-A8F3-8A6F068FB7AC}.Debug|x64.ActiveCfg = Debug|Any CPU
		{4568C062-DE8F-4050-A8F3-8A6F068FB7AC}.Debug|x64.Build.0 = Debug|Any CPU
		{4568C062-DE8F-4050-A8F3-8A6F068FB7AC}.Debug|x86.ActiveCfg = Debug|Any CPU
		{4568C062-DE8F-4050-A8F3-8A6F068FB7AC}.Debug|x86.Build.0 = Debug|Any CPU
		{4568C062-DE8F-4050-A8F3-8A6F068FB7AC}.Release|Any CPU.ActiveCfg = Release|Any CPU
		{4568C062-DE8F-4050-A8F3-8A6F068FB7AC}.Release|Any CPU.Build.0 = Release|Any CPU
		{4568C062-DE8F-4050-A8F3-8A6F068FB7AC}.Release|x64.ActiveCfg = Release|Any CPU
		{4568C062-DE8F-4050-A8F3-8A6F068FB7AC}.Release|x64.Build.0 = Release|Any CPU
		{4568C062-DE8F-4050-A8F3-8A6F068FB7AC}.Release|x86.ActiveCfg = Release|Any CPU
		{4568C062-DE8F-4050-A8F3-8A6F068FB7AC}.Release|x86.Build.0 = Release|Any CPU
		{CF45E982-FA90-460C-958A-DC04975C7A39}.Debug|Any CPU.ActiveCfg = Debug|Any CPU
		{CF45E982-FA90-460C-958A-DC04975C7A39}.Debug|Any CPU.Build.0 = Debug|Any CPU
		{CF45E982-FA90-460C-958A-DC04975C7A39}.Debug|x64.ActiveCfg = Debug|Any CPU
		{CF45E982-FA90-460C-958A-DC04975C7A39}.Debug|x64.Build.0 = Debug|Any CPU
		{CF45E982-FA90-460C-958A-DC04975C7A39}.Debug|x86.ActiveCfg = Debug|Any CPU
		{CF45E982-FA90-460C-958A-DC04975C7A39}.Debug|x86.Build.0 = Debug|Any CPU
		{CF45E982-FA90-460C-958A-DC04975C7A39}.Release|Any CPU.ActiveCfg = Release|Any CPU
		{CF45E982-FA90-460C-958A-DC04975C7A39}.Release|Any CPU.Build.0 = Release|Any CPU
		{CF45E982-FA90-460C-958A-DC04975C7A39}.Release|x64.ActiveCfg = Release|Any CPU
		{CF45E982-FA90-460C-958A-DC04975C7A39}.Release|x64.Build.0 = Release|Any CPU
		{CF45E982-FA90-460C-958A-DC04975C7A39}.Release|x86.ActiveCfg = Release|Any CPU
		{CF45E982-FA90-460C-958A-DC04975C7A39}.Release|x86.Build.0 = Release|Any CPU
	EndGlobalSection
EndGlobal
